
Microsoft Visual Studio Solution File, Format Version 12.00
# Visual Studio Version 16
VisualStudioVersion = 16.0.31624.102
MinimumVisualStudioVersion = 10.0.40219.1
Project("{FAE04EC0-301F-11D3-BF4B-00C04F79EFBC}") = "ciullajn_Assignment10", "ciullajn_Assignment10\ciullajn_Assignment10.csproj", "{84ADB6B5-6451-4CE2-8969-5E89677B0E17}"
EndProject
Global
	GlobalSection(SolutionConfigurationPlatforms) = preSolution
		Debug|Any CPU = Debug|Any CPU
		Release|Any CPU = Release|Any CPU
	EndGlobalSection
	GlobalSection(ProjectConfigurationPlatforms) = postSolution
		{84ADB6B5-6451-4CE2-8969-5E89677B0E17}.Debug|Any CPU.ActiveCfg = Debug|Any CPU
		{84ADB6B5-6451-4CE2-8969-5E89677B0E17}.Debug|Any CPU.Build.0 = Debug|Any CPU
		{84ADB6B5-6451-4CE2-8969-5E89677B0E17}.Release|Any CPU.ActiveCfg = Release|Any CPU
		{84ADB6B5-6451-4CE2-8969-5E89677B0E17}.Release|Any CPU.Build.0 = Release|Any CPU
	EndGlobalSection
	GlobalSection(SolutionProperties) = preSolution
		HideSolutionNode = FALSE
	EndGlobalSection
	GlobalSection(ExtensibilityGlobals) = postSolution
		SolutionGuid = {75DC87D4-CCB5-4DCC-BE03-1BC0D9C0E442}
	EndGlobalSection
EndGlobal
